
Microsoft Visual Studio Solution File, Format Version 12.00
Project("{FAE04EC0-301F-11D3-BF4B-00C04F79EFBC}") = "IoTEdgeSmagribotArduinoSerial", "modules\IoTEdgeSmagribotArduinoSerial\IoTEdgeSmagribotArduinoSerial.csproj", "{B996319A-39D0-41F5-81F1-BC6DE58C94CB}"
EndProject
Project("{FAE04EC0-301F-11D3-BF4B-00C04F79EFBC}") = "IoTEdgeSmagribotArduinoSerial.Test", "IoTEdgeSmagribotArduinoSerial.Test\IoTEdgeSmagribotArduinoSerial.Test.csproj", "{0A4E280F-6314-4BF7-AE7D-3EC5752B13D6}"
EndProject
Global
	GlobalSection(SolutionConfigurationPlatforms) = preSolution
		Debug|Any CPU = Debug|Any CPU
		Release|Any CPU = Release|Any CPU
	EndGlobalSection
	GlobalSection(ProjectConfigurationPlatforms) = postSolution
		{B996319A-39D0-41F5-81F1-BC6DE58C94CB}.Debug|Any CPU.ActiveCfg = Debug|Any CPU
		{B996319A-39D0-41F5-81F1-BC6DE58C94CB}.Debug|Any CPU.Build.0 = Debug|Any CPU
		{B996319A-39D0-41F5-81F1-BC6DE58C94CB}.Release|Any CPU.ActiveCfg = Release|Any CPU
		{B996319A-39D0-41F5-81F1-BC6DE58C94CB}.Release|Any CPU.Build.0 = Release|Any CPU
		{0A4E280F-6314-4BF7-AE7D-3EC5752B13D6}.Debug|Any CPU.ActiveCfg = Debug|Any CPU
		{0A4E280F-6314-4BF7-AE7D-3EC5752B13D6}.Debug|Any CPU.Build.0 = Debug|Any CPU
		{0A4E280F-6314-4BF7-AE7D-3EC5752B13D6}.Release|Any CPU.ActiveCfg = Release|Any CPU
		{0A4E280F-6314-4BF7-AE7D-3EC5752B13D6}.Release|Any CPU.Build.0 = Release|Any CPU
	EndGlobalSection
EndGlobal
